
Microsoft Visual Studio Solution File, Format Version 12.00
Project("{2150E333-8FDC-42A3-9474-1A3956D46DE8}") = "Principles", "Principles", "{D1FC8DFD-2005-42A6-B107-C507992AFE82}"
EndProject
Project("{2150E333-8FDC-42A3-9474-1A3956D46DE8}") = "CreationalPatterns", "CreationalPatterns", "{89D6A23C-2DCB-496B-AB0C-E912E20F3AE2}"
EndProject
Project("{2150E333-8FDC-42A3-9474-1A3956D46DE8}") = "StructuralPatterns", "StructuralPatterns", "{005B665F-B8DE-4E25-A2C8-DBDB389E6046}"
EndProject
Project("{2150E333-8FDC-42A3-9474-1A3956D46DE8}") = "BehavioralPatterns", "BehavioralPatterns", "{6E025366-8B97-44BF-8851-B69522B1C1A4}"
EndProject
Project("{FAE04EC0-301F-11D3-BF4B-00C04F79EFBC}") = "SingleResponsibility", "SingleResponsibility\SingleResponsibility.csproj", "{697FD738-1B37-4E45-B7B5-EE54E2AAEAB2}"
EndProject
Project("{FAE04EC0-301F-11D3-BF4B-00C04F79EFBC}") = "OpenClosed", "OpenClosed\OpenClosed.csproj", "{28D856DF-B436-4081-A11D-5D3CA27C5B88}"
EndProject
Project("{FAE04EC0-301F-11D3-BF4B-00C04F79EFBC}") = "LiskovSubstitution", "LiskovSubstitution\LiskovSubstitution.csproj", "{A29CE015-49F4-4041-AB7D-A131F48B0172}"
EndProject
Project("{FAE04EC0-301F-11D3-BF4B-00C04F79EFBC}") = "InterfaceSegregation", "InterfaceSegregation\InterfaceSegregation.csproj", "{EF8E46A6-F922-4AD8-A034-3AC3CA841278}"
EndProject
Project("{FAE04EC0-301F-11D3-BF4B-00C04F79EFBC}") = "DependencyInversion", "DependencyInversion\DependencyInversion.csproj", "{5C1590F4-04FB-43C8-B5DD-1BC3D859B5EC}"
EndProject
Project("{FAE04EC0-301F-11D3-BF4B-00C04F79EFBC}") = "Builder", "Builder\Builder.csproj", "{E1C3C9E5-8913-4C3A-8AA9-02FB48783DD6}"
EndProject
Project("{FAE04EC0-301F-11D3-BF4B-00C04F79EFBC}") = "FluentBuilder", "FluentBuilder\FluentBuilder.csproj", "{6D6F4133-4DFA-4F40-9D72-341CED812CCC}"
EndProject
Project("{FAE04EC0-301F-11D3-BF4B-00C04F79EFBC}") = "StepwiseBuilder", "StepwiseBuilder\StepwiseBuilder.csproj", "{A1F8216A-7FFD-408E-AFC1-808BADA84D15}"
EndProject
Global
	GlobalSection(SolutionConfigurationPlatforms) = preSolution
		Debug|Any CPU = Debug|Any CPU
		Release|Any CPU = Release|Any CPU
	EndGlobalSection
	GlobalSection(NestedProjects) = preSolution
		{697FD738-1B37-4E45-B7B5-EE54E2AAEAB2} = {D1FC8DFD-2005-42A6-B107-C507992AFE82}
		{28D856DF-B436-4081-A11D-5D3CA27C5B88} = {D1FC8DFD-2005-42A6-B107-C507992AFE82}
		{A29CE015-49F4-4041-AB7D-A131F48B0172} = {D1FC8DFD-2005-42A6-B107-C507992AFE82}
		{EF8E46A6-F922-4AD8-A034-3AC3CA841278} = {D1FC8DFD-2005-42A6-B107-C507992AFE82}
		{5C1590F4-04FB-43C8-B5DD-1BC3D859B5EC} = {D1FC8DFD-2005-42A6-B107-C507992AFE82}
		{E1C3C9E5-8913-4C3A-8AA9-02FB48783DD6} = {89D6A23C-2DCB-496B-AB0C-E912E20F3AE2}
		{6D6F4133-4DFA-4F40-9D72-341CED812CCC} = {89D6A23C-2DCB-496B-AB0C-E912E20F3AE2}
		{A1F8216A-7FFD-408E-AFC1-808BADA84D15} = {89D6A23C-2DCB-496B-AB0C-E912E20F3AE2}
	EndGlobalSection
	GlobalSection(ProjectConfigurationPlatforms) = postSolution
		{697FD738-1B37-4E45-B7B5-EE54E2AAEAB2}.Debug|Any CPU.ActiveCfg = Debug|Any CPU
		{697FD738-1B37-4E45-B7B5-EE54E2AAEAB2}.Debug|Any CPU.Build.0 = Debug|Any CPU
		{697FD738-1B37-4E45-B7B5-EE54E2AAEAB2}.Release|Any CPU.ActiveCfg = Release|Any CPU
		{697FD738-1B37-4E45-B7B5-EE54E2AAEAB2}.Release|Any CPU.Build.0 = Release|Any CPU
		{28D856DF-B436-4081-A11D-5D3CA27C5B88}.Debug|Any CPU.ActiveCfg = Debug|Any CPU
		{28D856DF-B436-4081-A11D-5D3CA27C5B88}.Debug|Any CPU.Build.0 = Debug|Any CPU
		{28D856DF-B436-4081-A11D-5D3CA27C5B88}.Release|Any CPU.ActiveCfg = Release|Any CPU
		{28D856DF-B436-4081-A11D-5D3CA27C5B88}.Release|Any CPU.Build.0 = Release|Any CPU
		{A29CE015-49F4-4041-AB7D-A131F48B0172}.Debug|Any CPU.ActiveCfg = Debug|Any CPU
		{A29CE015-49F4-4041-AB7D-A131F48B0172}.Debug|Any CPU.Build.0 = Debug|Any CPU
		{A29CE015-49F4-4041-AB7D-A131F48B0172}.Release|Any CPU.ActiveCfg = Release|Any CPU
		{A29CE015-49F4-4041-AB7D-A131F48B0172}.Release|Any CPU.Build.0 = Release|Any CPU
		{EF8E46A6-F922-4AD8-A034-3AC3CA841278}.Debug|Any CPU.ActiveCfg = Debug|Any CPU
		{EF8E46A6-F922-4AD8-A034-3AC3CA841278}.Debug|Any CPU.Build.0 = Debug|Any CPU
		{EF8E46A6-F922-4AD8-A034-3AC3CA841278}.Release|Any CPU.ActiveCfg = Release|Any CPU
		{EF8E46A6-F922-4AD8-A034-3AC3CA841278}.Release|Any CPU.Build.0 = Release|Any CPU
		{5C1590F4-04FB-43C8-B5DD-1BC3D859B5EC}.Debug|Any CPU.ActiveCfg = Debug|Any CPU
		{5C1590F4-04FB-43C8-B5DD-1BC3D859B5EC}.Debug|Any CPU.Build.0 = Debug|Any CPU
		{5C1590F4-04FB-43C8-B5DD-1BC3D859B5EC}.Release|Any CPU.ActiveCfg = Release|Any CPU
		{5C1590F4-04FB-43C8-B5DD-1BC3D859B5EC}.Release|Any CPU.Build.0 = Release|Any CPU
		{E1C3C9E5-8913-4C3A-8AA9-02FB48783DD6}.Debug|Any CPU.ActiveCfg = Debug|Any CPU
		{E1C3C9E5-8913-4C3A-8AA9-02FB48783DD6}.Debug|Any CPU.Build.0 = Debug|Any CPU
		{E1C3C9E5-8913-4C3A-8AA9-02FB48783DD6}.Release|Any CPU.ActiveCfg = Release|Any CPU
		{E1C3C9E5-8913-4C3A-8AA9-02FB48783DD6}.Release|Any CPU.Build.0 = Release|Any CPU
		{6D6F4133-4DFA-4F40-9D72-341CED812CCC}.Debug|Any CPU.ActiveCfg = Debug|Any CPU
		{6D6F4133-4DFA-4F40-9D72-341CED812CCC}.Debug|Any CPU.Build.0 = Debug|Any CPU
		{6D6F4133-4DFA-4F40-9D72-341CED812CCC}.Release|Any CPU.ActiveCfg = Release|Any CPU
		{6D6F4133-4DFA-4F40-9D72-341CED812CCC}.Release|Any CPU.Build.0 = Release|Any CPU
		{A1F8216A-7FFD-408E-AFC1-808BADA84D15}.Debug|Any CPU.ActiveCfg = Debug|Any CPU
		{A1F8216A-7FFD-408E-AFC1-808BADA84D15}.Debug|Any CPU.Build.0 = Debug|Any CPU
		{A1F8216A-7FFD-408E-AFC1-808BADA84D15}.Release|Any CPU.ActiveCfg = Release|Any CPU
		{A1F8216A-7FFD-408E-AFC1-808BADA84D15}.Release|Any CPU.Build.0 = Release|Any CPU
	EndGlobalSection
EndGlobal
