
Microsoft Visual Studio Solution File, Format Version 12.00
Project("{2150E333-8FDC-42A3-9474-1A3956D46DE8}") = "Principles", "Principles", "{D1FC8DFD-2005-42A6-B107-C507992AFE82}"
EndProject
Project("{2150E333-8FDC-42A3-9474-1A3956D46DE8}") = "CreationalPatterns", "CreationalPatterns", "{89D6A23C-2DCB-496B-AB0C-E912E20F3AE2}"
EndProject
Project("{2150E333-8FDC-42A3-9474-1A3956D46DE8}") = "StructuralPatterns", "StructuralPatterns", "{005B665F-B8DE-4E25-A2C8-DBDB389E6046}"
EndProject
Project("{2150E333-8FDC-42A3-9474-1A3956D46DE8}") = "BehavioralPatterns", "BehavioralPatterns", "{6E025366-8B97-44BF-8851-B69522B1C1A4}"
EndProject
Project("{FAE04EC0-301F-11D3-BF4B-00C04F79EFBC}") = "SingleResponsibility", "SingleResponsibility\SingleResponsibility.csproj", "{697FD738-1B37-4E45-B7B5-EE54E2AAEAB2}"
EndProject
Project("{FAE04EC0-301F-11D3-BF4B-00C04F79EFBC}") = "OpenClosed", "OpenClosed\OpenClosed.csproj", "{28D856DF-B436-4081-A11D-5D3CA27C5B88}"
EndProject
Project("{FAE04EC0-301F-11D3-BF4B-00C04F79EFBC}") = "LiskovSubstitution", "LiskovSubstitution\LiskovSubstitution.csproj", "{A29CE015-49F4-4041-AB7D-A131F48B0172}"
EndProject
Global
	GlobalSection(SolutionConfigurationPlatforms) = preSolution
		Debug|Any CPU = Debug|Any CPU
		Release|Any CPU = Release|Any CPU
	EndGlobalSection
	GlobalSection(NestedProjects) = preSolution
		{697FD738-1B37-4E45-B7B5-EE54E2AAEAB2} = {D1FC8DFD-2005-42A6-B107-C507992AFE82}
		{28D856DF-B436-4081-A11D-5D3CA27C5B88} = {D1FC8DFD-2005-42A6-B107-C507992AFE82}
		{A29CE015-49F4-4041-AB7D-A131F48B0172} = {D1FC8DFD-2005-42A6-B107-C507992AFE82}
	EndGlobalSection
	GlobalSection(ProjectConfigurationPlatforms) = postSolution
		{697FD738-1B37-4E45-B7B5-EE54E2AAEAB2}.Debug|Any CPU.ActiveCfg = Debug|Any CPU
		{697FD738-1B37-4E45-B7B5-EE54E2AAEAB2}.Debug|Any CPU.Build.0 = Debug|Any CPU
		{697FD738-1B37-4E45-B7B5-EE54E2AAEAB2}.Release|Any CPU.ActiveCfg = Release|Any CPU
		{697FD738-1B37-4E45-B7B5-EE54E2AAEAB2}.Release|Any CPU.Build.0 = Release|Any CPU
		{28D856DF-B436-4081-A11D-5D3CA27C5B88}.Debug|Any CPU.ActiveCfg = Debug|Any CPU
		{28D856DF-B436-4081-A11D-5D3CA27C5B88}.Debug|Any CPU.Build.0 = Debug|Any CPU
		{28D856DF-B436-4081-A11D-5D3CA27C5B88}.Release|Any CPU.ActiveCfg = Release|Any CPU
		{28D856DF-B436-4081-A11D-5D3CA27C5B88}.Release|Any CPU.Build.0 = Release|Any CPU
		{A29CE015-49F4-4041-AB7D-A131F48B0172}.Debug|Any CPU.ActiveCfg = Debug|Any CPU
		{A29CE015-49F4-4041-AB7D-A131F48B0172}.Debug|Any CPU.Build.0 = Debug|Any CPU
		{A29CE015-49F4-4041-AB7D-A131F48B0172}.Release|Any CPU.ActiveCfg = Release|Any CPU
		{A29CE015-49F4-4041-AB7D-A131F48B0172}.Release|Any CPU.Build.0 = Release|Any CPU
	EndGlobalSection
EndGlobal
